// !$*UTF8*$!
{
	archiveVersion = 1;
	classes = {
	};
	objectVersion = 44;
	objects = {

/* Begin PBXBuildFile section */
		8D11072A0486CEB800E47090 /* MainMenu.nib in Resources */ = {isa = PBXBuildFile; fileRef = 29B97318FDCFA39411CA2CEA /* MainMenu.nib */; };
		8D11072B0486CEB800E47090 /* InfoPlist.strings in Resources */ = {isa = PBXBuildFile; fileRef = 089C165CFE840E0CC02AAC07 /* InfoPlist.strings */; };
		8D11072F0486CEB800E47090 /* Cocoa.framework in Frameworks */ = {isa = PBXBuildFile; fileRef = 1058C7A1FEA54F0111CA2CBB /* Cocoa.framework */; };
		C443103612EBC9CB00CC59E2 /* ShortcutRecorder.framework in CopyFiles */ = {isa = PBXBuildFile; fileRef = C4CBF0F912EB911900FFDFA7 /* ShortcutRecorder.framework */; };
		C443103F12F1137D00CC59E2 /* ShortcutRecorder.framework in Frameworks */ = {isa = PBXBuildFile; fileRef = C4CBF0F912EB911900FFDFA7 /* ShortcutRecorder.framework */; };
		C493D6FF12D0F882009EB7BC /* ScriptingBridge.framework in Frameworks */ = {isa = PBXBuildFile; fileRef = C493D6FE12D0F882009EB7BC /* ScriptingBridge.framework */; };
		C493D7C012D164CE009EB7BC /* Credits.rtf in Resources */ = {isa = PBXBuildFile; fileRef = C493D7BE12D164CE009EB7BC /* Credits.rtf */; };
		C493D9A212D16F8F009EB7BC /* Carbon.framework in Frameworks */ = {isa = PBXBuildFile; fileRef = C493D9A112D16F8F009EB7BC /* Carbon.framework */; };
		C493DA1712D2D338009EB7BC /* Preferences.nib in Resources */ = {isa = PBXBuildFile; fileRef = C493DA1612D2D338009EB7BC /* Preferences.nib */; };
		C493DAE412D40B3D009EB7BC /* FadeApplicationDelegate.m in Sources */ = {isa = PBXBuildFile; fileRef = C493DADB12D40B3D009EB7BC /* FadeApplicationDelegate.m */; };
		C493DAE512D40B3D009EB7BC /* FadePreferences.m in Sources */ = {isa = PBXBuildFile; fileRef = C493DADD12D40B3D009EB7BC /* FadePreferences.m */; };
		C493DAE612D40B3D009EB7BC /* iTunesController.m in Sources */ = {isa = PBXBuildFile; fileRef = C493DAE012D40B3D009EB7BC /* iTunesController.m */; };
		C493DAE712D40B3D009EB7BC /* main.m in Sources */ = {isa = PBXBuildFile; fileRef = C493DAE112D40B3D009EB7BC /* main.m */; };
		C493DAE812D40B3D009EB7BC /* PreferencesController.m in Sources */ = {isa = PBXBuildFile; fileRef = C493DAE312D40B3D009EB7BC /* PreferencesController.m */; };
		C493DE7712E37AA7009EB7BC /* fader_menu_icon.png in Resources */ = {isa = PBXBuildFile; fileRef = C493DE7312E37AA7009EB7BC /* fader_menu_icon.png */; };
		C493DE7812E37AA7009EB7BC /* fader_menu_icon2.png in Resources */ = {isa = PBXBuildFile; fileRef = C493DE7412E37AA7009EB7BC /* fader_menu_icon2.png */; };
		C493DE7912E37AA7009EB7BC /* fader_sound_volume.png in Resources */ = {isa = PBXBuildFile; fileRef = C493DE7512E37AA7009EB7BC /* fader_sound_volume.png */; };
		C493DE7A12E37AA7009EB7BC /* fader_sound_volume2.png in Resources */ = {isa = PBXBuildFile; fileRef = C493DE7612E37AA7009EB7BC /* fader_sound_volume2.png */; };
		C4CBF0D712E3E11000FFDFA7 /* fade.icns in Resources */ = {isa = PBXBuildFile; fileRef = C4CBF0D612E3E11000FFDFA7 /* fade.icns */; };
/* End PBXBuildFile section */

/* Begin PBXCopyFilesBuildPhase section */
		C493DBB212D414A5009EB7BC /* CopyFiles */ = {
			isa = PBXCopyFilesBuildPhase;
			buildActionMask = 2147483647;
			dstPath = "";
			dstSubfolderSpec = 10;
			files = (
				C443103612EBC9CB00CC59E2 /* ShortcutRecorder.framework in CopyFiles */,
			);
			runOnlyForDeploymentPostprocessing = 0;
		};
/* End PBXCopyFilesBuildPhase section */

/* Begin PBXFileReference section */
		089C165DFE840E0CC02AAC07 /* English */ = {isa = PBXFileReference; fileEncoding = 10; lastKnownFileType = text.plist.strings; name = English; path = English.lproj/InfoPlist.strings; sourceTree = "<group>"; };
		1058C7A1FEA54F0111CA2CBB /* Cocoa.framework */ = {isa = PBXFileReference; lastKnownFileType = wrapper.framework; name = Cocoa.framework; path = /System/Library/Frameworks/Cocoa.framework; sourceTree = "<absolute>"; };
		13E42FB307B3F0F600E4EEF1 /* CoreData.framework */ = {isa = PBXFileReference; lastKnownFileType = wrapper.framework; name = CoreData.framework; path = /System/Library/Frameworks/CoreData.framework; sourceTree = "<absolute>"; };
		29B97319FDCFA39411CA2CEA /* English */ = {isa = PBXFileReference; lastKnownFileType = wrapper.nib; name = English; path = English.lproj/MainMenu.nib; sourceTree = "<group>"; };
		29B97324FDCFA39411CA2CEA /* AppKit.framework */ = {isa = PBXFileReference; lastKnownFileType = wrapper.framework; name = AppKit.framework; path = /System/Library/Frameworks/AppKit.framework; sourceTree = "<absolute>"; };
		29B97325FDCFA39411CA2CEA /* Foundation.framework */ = {isa = PBXFileReference; lastKnownFileType = wrapper.framework; name = Foundation.framework; path = /System/Library/Frameworks/Foundation.framework; sourceTree = "<absolute>"; };
		8D1107310486CEB800E47090 /* Info.plist */ = {isa = PBXFileReference; fileEncoding = 4; lastKnownFileType = text.plist.xml; path = Info.plist; sourceTree = "<group>"; };
		8D1107320486CEB800E47090 /* fade.app */ = {isa = PBXFileReference; explicitFileType = wrapper.application; includeInIndex = 0; path = fade.app; sourceTree = BUILT_PRODUCTS_DIR; };
		C443107512F1179A00CC59E2 /* FadeLoginItemService.h */ = {isa = PBXFileReference; fileEncoding = 4; lastKnownFileType = sourcecode.c.h; path = FadeLoginItemService.h; sourceTree = "<group>"; };
		C493D6FE12D0F882009EB7BC /* ScriptingBridge.framework */ = {isa = PBXFileReference; lastKnownFileType = wrapper.framework; name = ScriptingBridge.framework; path = System/Library/Frameworks/ScriptingBridge.framework; sourceTree = SDKROOT; };
		C493D7BF12D164CE009EB7BC /* English */ = {isa = PBXFileReference; lastKnownFileType = text.rtf; name = English; path = English.lproj/Credits.rtf; sourceTree = "<group>"; };
		C493D9A112D16F8F009EB7BC /* Carbon.framework */ = {isa = PBXFileReference; lastKnownFileType = wrapper.framework; name = Carbon.framework; path = System/Library/Frameworks/Carbon.framework; sourceTree = SDKROOT; };
		C493DA0012D22B81009EB7BC /* English */ = {isa = PBXFileReference; lastKnownFileType = wrapper.nib; name = English; path = English.lproj/Preferences.nib; sourceTree = "<group>"; };
		C493DAD912D40B3D009EB7BC /* fade_Prefix.pch */ = {isa = PBXFileReference; fileEncoding = 4; lastKnownFileType = sourcecode.c.h; path = fade_Prefix.pch; sourceTree = "<group>"; };
		C493DADA12D40B3D009EB7BC /* FadeApplicationDelegate.h */ = {isa = PBXFileReference; fileEncoding = 4; lastKnownFileType = sourcecode.c.h; name = FadeApplicationDelegate.h; path = src/FadeApplicationDelegate.h; sourceTree = "<group>"; };
		C493DADB12D40B3D009EB7BC /* FadeApplicationDelegate.m */ = {isa = PBXFileReference; fileEncoding = 4; lastKnownFileType = sourcecode.c.objc; name = FadeApplicationDelegate.m; path = src/FadeApplicationDelegate.m; sourceTree = "<group>"; };
		C493DADC12D40B3D009EB7BC /* FadePreferences.h */ = {isa = PBXFileReference; fileEncoding = 4; lastKnownFileType = sourcecode.c.h; name = FadePreferences.h; path = src/FadePreferences.h; sourceTree = "<group>"; };
		C493DADD12D40B3D009EB7BC /* FadePreferences.m */ = {isa = PBXFileReference; fileEncoding = 4; lastKnownFileType = sourcecode.c.objc; name = FadePreferences.m; path = src/FadePreferences.m; sourceTree = "<group>"; };
		C493DADE12D40B3D009EB7BC /* iTunes.h */ = {isa = PBXFileReference; fileEncoding = 4; lastKnownFileType = sourcecode.c.h; path = iTunes.h; sourceTree = "<group>"; };
		C493DADF12D40B3D009EB7BC /* iTunesController.h */ = {isa = PBXFileReference; fileEncoding = 4; lastKnownFileType = sourcecode.c.h; name = iTunesController.h; path = src/iTunesController.h; sourceTree = "<group>"; };
		C493DAE012D40B3D009EB7BC /* iTunesController.m */ = {isa = PBXFileReference; fileEncoding = 4; lastKnownFileType = sourcecode.c.objc; name = iTunesController.m; path = src/iTunesController.m; sourceTree = "<group>"; };
		C493DAE112D40B3D009EB7BC /* main.m */ = {isa = PBXFileReference; fileEncoding = 4; lastKnownFileType = sourcecode.c.objc; path = main.m; sourceTree = "<group>"; };
		C493DAE212D40B3D009EB7BC /* PreferencesController.h */ = {isa = PBXFileReference; fileEncoding = 4; lastKnownFileType = sourcecode.c.h; name = PreferencesController.h; path = src/PreferencesController.h; sourceTree = "<group>"; };
		C493DAE312D40B3D009EB7BC /* PreferencesController.m */ = {isa = PBXFileReference; fileEncoding = 4; lastKnownFileType = sourcecode.c.objc; name = PreferencesController.m; path = src/PreferencesController.m; sourceTree = "<group>"; };
		C493DD3812E29095009EB7BC /* FadePreferencesDelegate.h */ = {isa = PBXFileReference; fileEncoding = 4; lastKnownFileType = sourcecode.c.h; path = FadePreferencesDelegate.h; sourceTree = "<group>"; };
		C493DDB112E2A11A009EB7BC /* FadeHotKeyService.h */ = {isa = PBXFileReference; fileEncoding = 4; lastKnownFileType = sourcecode.c.h; path = FadeHotKeyService.h; sourceTree = "<group>"; };
		C493DE7312E37AA7009EB7BC /* fader_menu_icon.png */ = {isa = PBXFileReference; lastKnownFileType = image.png; path = fader_menu_icon.png; sourceTree = "<group>"; };
		C493DE7412E37AA7009EB7BC /* fader_menu_icon2.png */ = {isa = PBXFileReference; lastKnownFileType = image.png; path = fader_menu_icon2.png; sourceTree = "<group>"; };
		C493DE7512E37AA7009EB7BC /* fader_sound_volume.png */ = {isa = PBXFileReference; lastKnownFileType = image.png; path = fader_sound_volume.png; sourceTree = "<group>"; };
		C493DE7612E37AA7009EB7BC /* fader_sound_volume2.png */ = {isa = PBXFileReference; lastKnownFileType = image.png; path = fader_sound_volume2.png; sourceTree = "<group>"; };
		C4CBF0D612E3E11000FFDFA7 /* fade.icns */ = {isa = PBXFileReference; lastKnownFileType = image.icns; path = fade.icns; sourceTree = "<group>"; };
		C4CBF0F912EB911900FFDFA7 /* ShortcutRecorder.framework */ = {isa = PBXFileReference; lastKnownFileType = wrapper.framework; name = ShortcutRecorder.framework; path = lib/ShortcutRecorder.framework; sourceTree = "<group>"; };
/* End PBXFileReference section */

/* Begin PBXFrameworksBuildPhase section */
		8D11072E0486CEB800E47090 /* Frameworks */ = {
			isa = PBXFrameworksBuildPhase;
			buildActionMask = 2147483647;
			files = (
				8D11072F0486CEB800E47090 /* Cocoa.framework in Frameworks */,
				C493D6FF12D0F882009EB7BC /* ScriptingBridge.framework in Frameworks */,
				C493D9A212D16F8F009EB7BC /* Carbon.framework in Frameworks */,
				C443103F12F1137D00CC59E2 /* ShortcutRecorder.framework in Frameworks */,
			);
			runOnlyForDeploymentPostprocessing = 0;
		};
/* End PBXFrameworksBuildPhase section */

/* Begin PBXGroup section */
		080E96DDFE201D6D7F000001 /* Classes */ = {
			isa = PBXGroup;
			children = (
				C493DADA12D40B3D009EB7BC /* FadeApplicationDelegate.h */,
				C493DADB12D40B3D009EB7BC /* FadeApplicationDelegate.m */,
				C493DADC12D40B3D009EB7BC /* FadePreferences.h */,
				C493DADD12D40B3D009EB7BC /* FadePreferences.m */,
				C493DADF12D40B3D009EB7BC /* iTunesController.h */,
				C493DAE012D40B3D009EB7BC /* iTunesController.m */,
				C493DAE212D40B3D009EB7BC /* PreferencesController.h */,
				C493DAE312D40B3D009EB7BC /* PreferencesController.m */,
				C493DD3812E29095009EB7BC /* FadePreferencesDelegate.h */,
				C493DDB112E2A11A009EB7BC /* FadeHotKeyService.h */,
				C443107512F1179A00CC59E2 /* FadeLoginItemService.h */,
			);
			name = Classes;
			path = ..;
			sourceTree = "<group>";
		};
		1058C7A0FEA54F0111CA2CBB /* Linked Frameworks */ = {
			isa = PBXGroup;
			children = (
				1058C7A1FEA54F0111CA2CBB /* Cocoa.framework */,
			);
			name = "Linked Frameworks";
			sourceTree = "<group>";
		};
		1058C7A2FEA54F0111CA2CBB /* Other Frameworks */ = {
			isa = PBXGroup;
			children = (
				29B97324FDCFA39411CA2CEA /* AppKit.framework */,
				13E42FB307B3F0F600E4EEF1 /* CoreData.framework */,
				29B97325FDCFA39411CA2CEA /* Foundation.framework */,
				C493D6FE12D0F882009EB7BC /* ScriptingBridge.framework */,
				C493D9A112D16F8F009EB7BC /* Carbon.framework */,
			);
			name = "Other Frameworks";
			sourceTree = "<group>";
		};
		19C28FACFE9D520D11CA2CBB /* Products */ = {
			isa = PBXGroup;
			children = (
				8D1107320486CEB800E47090 /* fade.app */,
			);
			name = Products;
			sourceTree = "<group>";
		};
		29B97314FDCFA39411CA2CEA /* fade */ = {
			isa = PBXGroup;
			children = (
				C493DAD812D40B3D009EB7BC /* src */,
				29B97317FDCFA39411CA2CEA /* Resources */,
				29B97323FDCFA39411CA2CEA /* Frameworks */,
				19C28FACFE9D520D11CA2CBB /* Products */,
			);
			name = fade;
			sourceTree = "<group>";
		};
		29B97317FDCFA39411CA2CEA /* Resources */ = {
			isa = PBXGroup;
			children = (
				C493DE7212E37AA7009EB7BC /* img */,
				C493D7BE12D164CE009EB7BC /* Credits.rtf */,
				8D1107310486CEB800E47090 /* Info.plist */,
				089C165CFE840E0CC02AAC07 /* InfoPlist.strings */,
				29B97318FDCFA39411CA2CEA /* MainMenu.nib */,
				C493DA1612D2D338009EB7BC /* Preferences.nib */,
			);
			name = Resources;
			sourceTree = "<group>";
		};
		29B97323FDCFA39411CA2CEA /* Frameworks */ = {
			isa = PBXGroup;
			children = (
				C493DAF112D40B67009EB7BC /* Bundled Frameworks */,
				1058C7A0FEA54F0111CA2CBB /* Linked Frameworks */,
				1058C7A2FEA54F0111CA2CBB /* Other Frameworks */,
			);
			name = Frameworks;
			sourceTree = "<group>";
		};
		C493DAD812D40B3D009EB7BC /* src */ = {
			isa = PBXGroup;
			children = (
				080E96DDFE201D6D7F000001 /* Classes */,
				C493DAD912D40B3D009EB7BC /* fade_Prefix.pch */,
				C493DADE12D40B3D009EB7BC /* iTunes.h */,
				C493DAE112D40B3D009EB7BC /* main.m */,
			);
			path = src;
			sourceTree = "<group>";
		};
		C493DAF112D40B67009EB7BC /* Bundled Frameworks */ = {
			isa = PBXGroup;
			children = (
				C4CBF0F912EB911900FFDFA7 /* ShortcutRecorder.framework */,
			);
			name = "Bundled Frameworks";
			sourceTree = "<group>";
		};
		C493DE7212E37AA7009EB7BC /* img */ = {
			isa = PBXGroup;
			children = (
				C4CBF0D612E3E11000FFDFA7 /* fade.icns */,
				C493DE7312E37AA7009EB7BC /* fader_menu_icon.png */,
				C493DE7412E37AA7009EB7BC /* fader_menu_icon2.png */,
				C493DE7512E37AA7009EB7BC /* fader_sound_volume.png */,
				C493DE7612E37AA7009EB7BC /* fader_sound_volume2.png */,
			);
			path = img;
			sourceTree = "<group>";
		};
/* End PBXGroup section */

/* Begin PBXNativeTarget section */
		8D1107260486CEB800E47090 /* fade */ = {
			isa = PBXNativeTarget;
			buildConfigurationList = C01FCF4A08A954540054247B /* Build configuration list for PBXNativeTarget "fade" */;
			buildPhases = (
				8D1107290486CEB800E47090 /* Resources */,
				8D11072C0486CEB800E47090 /* Sources */,
				C493DBB212D414A5009EB7BC /* CopyFiles */,
				8D11072E0486CEB800E47090 /* Frameworks */,
			);
			buildRules = (
			);
			dependencies = (
			);
			name = fade;
			productInstallPath = "$(HOME)/Applications";
			productName = fade;
			productReference = 8D1107320486CEB800E47090 /* fade.app */;
			productType = "com.apple.product-type.application";
		};
/* End PBXNativeTarget section */

/* Begin PBXProject section */
		29B97313FDCFA39411CA2CEA /* Project object */ = {
			isa = PBXProject;
			attributes = {
				ORGANIZATIONNAME = 01001111;
			};
			buildConfigurationList = C01FCF4E08A954540054247B /* Build configuration list for PBXProject "fade" */;
			compatibilityVersion = "Xcode 3.0";
			hasScannedForEncodings = 1;
			mainGroup = 29B97314FDCFA39411CA2CEA /* fade */;
			projectDirPath = "";
			projectRoot = "";
			targets = (
				8D1107260486CEB800E47090 /* fade */,
			);
		};
/* End PBXProject section */

/* Begin PBXResourcesBuildPhase section */
		8D1107290486CEB800E47090 /* Resources */ = {
			isa = PBXResourcesBuildPhase;
			buildActionMask = 2147483647;
			files = (
				8D11072A0486CEB800E47090 /* MainMenu.nib in Resources */,
				8D11072B0486CEB800E47090 /* InfoPlist.strings in Resources */,
				C493D7C012D164CE009EB7BC /* Credits.rtf in Resources */,
				C493DA1712D2D338009EB7BC /* Preferences.nib in Resources */,
				C493DE7712E37AA7009EB7BC /* fader_menu_icon.png in Resources */,
				C493DE7812E37AA7009EB7BC /* fader_menu_icon2.png in Resources */,
				C493DE7912E37AA7009EB7BC /* fader_sound_volume.png in Resources */,
				C493DE7A12E37AA7009EB7BC /* fader_sound_volume2.png in Resources */,
				C4CBF0D712E3E11000FFDFA7 /* fade.icns in Resources */,
			);
			runOnlyForDeploymentPostprocessing = 0;
		};
/* End PBXResourcesBuildPhase section */

/* Begin PBXSourcesBuildPhase section */
		8D11072C0486CEB800E47090 /* Sources */ = {
			isa = PBXSourcesBuildPhase;
			buildActionMask = 2147483647;
			files = (
				C493DAE412D40B3D009EB7BC /* FadeApplicationDelegate.m in Sources */,
				C493DAE512D40B3D009EB7BC /* FadePreferences.m in Sources */,
				C493DAE612D40B3D009EB7BC /* iTunesController.m in Sources */,
				C493DAE712D40B3D009EB7BC /* main.m in Sources */,
				C493DAE812D40B3D009EB7BC /* PreferencesController.m in Sources */,
			);
			runOnlyForDeploymentPostprocessing = 0;
		};
/* End PBXSourcesBuildPhase section */

/* Begin PBXVariantGroup section */
		089C165CFE840E0CC02AAC07 /* InfoPlist.strings */ = {
			isa = PBXVariantGroup;
			children = (
				089C165DFE840E0CC02AAC07 /* English */,
			);
			name = InfoPlist.strings;
			sourceTree = "<group>";
		};
		29B97318FDCFA39411CA2CEA /* MainMenu.nib */ = {
			isa = PBXVariantGroup;
			children = (
				29B97319FDCFA39411CA2CEA /* English */,
			);
			name = MainMenu.nib;
			sourceTree = "<group>";
		};
		C493D7BE12D164CE009EB7BC /* Credits.rtf */ = {
			isa = PBXVariantGroup;
			children = (
				C493D7BF12D164CE009EB7BC /* English */,
			);
			name = Credits.rtf;
			sourceTree = "<group>";
		};
		C493DA1612D2D338009EB7BC /* Preferences.nib */ = {
			isa = PBXVariantGroup;
			children = (
				C493DA0012D22B81009EB7BC /* English */,
			);
			name = Preferences.nib;
			sourceTree = "<group>";
		};
/* End PBXVariantGroup section */

/* Begin XCBuildConfiguration section */
		C01FCF4B08A954540054247B /* Debug */ = {
			isa = XCBuildConfiguration;
			buildSettings = {
				COPY_PHASE_STRIP = NO;
				FRAMEWORK_SEARCH_PATHS = (
					"$(inherited)",
					"\"$(SRCROOT)/lib\"",
				);
				GCC_DYNAMIC_NO_PIC = NO;
				GCC_ENABLE_FIX_AND_CONTINUE = YES;
				GCC_MODEL_TUNING = G5;
				GCC_OPTIMIZATION_LEVEL = 0;
				GCC_PRECOMPILE_PREFIX_HEADER = YES;
				GCC_PREFIX_HEADER = src/fade_Prefix.pch;
				INFOPLIST_FILE = Info.plist;
				INSTALL_PATH = "$(HOME)/Applications";
				PRODUCT_NAME = fade;
				WRAPPER_EXTENSION = app;
				ZERO_LINK = YES;
			};
			name = Debug;
		};
		C01FCF4C08A954540054247B /* Release */ = {
			isa = XCBuildConfiguration;
			buildSettings = {
				DEBUG_INFORMATION_FORMAT = "dwarf-with-dsym";
				FRAMEWORK_SEARCH_PATHS = (
					"$(inherited)",
					"\"$(SRCROOT)/lib\"",
				);
				GCC_MODEL_TUNING = G5;
				GCC_PRECOMPILE_PREFIX_HEADER = YES;
				GCC_PREFIX_HEADER = src/fade_Prefix.pch;
				INFOPLIST_FILE = Info.plist;
				INSTALL_PATH = "$(HOME)/Applications";
				PRODUCT_NAME = fade;
				WRAPPER_EXTENSION = app;
			};
			name = Release;
		};
		C01FCF4F08A954540054247B /* Debug */ = {
			isa = XCBuildConfiguration;
			buildSettings = {
				FRAMEWORK_SEARCH_PATHS = "lib/**";
				GCC_WARN_ABOUT_RETURN_TYPE = YES;
				GCC_WARN_UNUSED_VARIABLE = YES;
				PREBINDING = NO;
				SDKROOT = "$(DEVELOPER_SDK_DIR)/MacOSX10.6.sdk";
			};
			name = Debug;
		};
		C01FCF5008A954540054247B /* Release */ = {
			isa = XCBuildConfiguration;
			buildSettings = {
				ARCHS = (
					ppc,
					i386,
				);
				FRAMEWORK_SEARCH_PATHS = "lib/**";
				GCC_WARN_ABOUT_RETURN_TYPE = YES;
				GCC_WARN_UNUSED_VARIABLE = YES;
				PREBINDING = NO;
				SDKROOT = "$(DEVELOPER_SDK_DIR)/MacOSX10.6.sdk";
			};
			name = Release;
		};
/* End XCBuildConfiguration section */

/* Begin XCConfigurationList section */
		C01FCF4A08A954540054247B /* Build configuration list for PBXNativeTarget "fade" */ = {
			isa = XCConfigurationList;
			buildConfigurations = (
				C01FCF4B08A954540054247B /* Debug */,
				C01FCF4C08A954540054247B /* Release */,
			);
			defaultConfigurationIsVisible = 0;
			defaultConfigurationName = Release;
		};
		C01FCF4E08A954540054247B /* Build configuration list for PBXProject "fade" */ = {
			isa = XCConfigurationList;
			buildConfigurations = (
				C01FCF4F08A954540054247B /* Debug */,
				C01FCF5008A954540054247B /* Release */,
			);
			defaultConfigurationIsVisible = 0;
			defaultConfigurationName = Release;
		};
/* End XCConfigurationList section */
	};
	rootObject = 29B97313FDCFA39411CA2CEA /* Project object */;
}
